// !$*UTF8*$!
{
	archiveVersion = 1;
	classes = {
	};
	objectVersion = 56;
	objects = {

/* Begin PBXBuildFile section */
		956B1BC22BD58B9E0047D5A0 /* CalendarHeaderView.swift in Sources */ = {isa = PBXBuildFile; fileRef = 956B1BC12BD58B9E0047D5A0 /* CalendarHeaderView.swift */; };
		956B1BC42BD595090047D5A0 /* WeekdayView.swift in Sources */ = {isa = PBXBuildFile; fileRef = 956B1BC32BD595090047D5A0 /* WeekdayView.swift */; };
		956B1BC62BD5A8C20047D5A0 /* CalendarGridView.swift in Sources */ = {isa = PBXBuildFile; fileRef = 956B1BC52BD5A8C20047D5A0 /* CalendarGridView.swift */; };
		956B1BCA2BD5AE5D0047D5A0 /* MonthDayCell.swift in Sources */ = {isa = PBXBuildFile; fileRef = 956B1BC92BD5AE5D0047D5A0 /* MonthDayCell.swift */; };
		956B1BCE2BDF282F0047D5A0 /* CalendarViewModel.swift in Sources */ = {isa = PBXBuildFile; fileRef = 956B1BCD2BDF282F0047D5A0 /* CalendarViewModel.swift */; };
		956B1BD02BDF2A0E0047D5A0 /* YearMonth.swift in Sources */ = {isa = PBXBuildFile; fileRef = 956B1BCF2BDF2A0E0047D5A0 /* YearMonth.swift */; };
		956B1BD52BE0A85F0047D5A0 /* Page.swift in Sources */ = {isa = PBXBuildFile; fileRef = 956B1BD42BE0A85F0047D5A0 /* Page.swift */; };
		956B1BD72BE0A8950047D5A0 /* Day.swift in Sources */ = {isa = PBXBuildFile; fileRef = 956B1BD62BE0A8950047D5A0 /* Day.swift */; };
		956B1BD92BE0A9110047D5A0 /* Date+Extensions.swift in Sources */ = {isa = PBXBuildFile; fileRef = 956B1BD82BE0A9110047D5A0 /* Date+Extensions.swift */; };
		95A078742BD0E7A400E841B9 /* fecitApp.swift in Sources */ = {isa = PBXBuildFile; fileRef = 95A078732BD0E7A400E841B9 /* fecitApp.swift */; };
		95A078762BD0E7A400E841B9 /* ContentView.swift in Sources */ = {isa = PBXBuildFile; fileRef = 95A078752BD0E7A400E841B9 /* ContentView.swift */; };
		95A078782BD0E7A600E841B9 /* Assets.xcassets in Resources */ = {isa = PBXBuildFile; fileRef = 95A078772BD0E7A600E841B9 /* Assets.xcassets */; };
		95A0787B2BD0E7A600E841B9 /* Preview Assets.xcassets in Resources */ = {isa = PBXBuildFile; fileRef = 95A0787A2BD0E7A600E841B9 /* Preview Assets.xcassets */; };
		95A078A72BD13B9400E841B9 /* MainTabView.swift in Sources */ = {isa = PBXBuildFile; fileRef = 95A078A62BD13B9400E841B9 /* MainTabView.swift */; };
		95A078A92BD13CFB00E841B9 /* ActionView.swift in Sources */ = {isa = PBXBuildFile; fileRef = 95A078A82BD13CFB00E841B9 /* ActionView.swift */; };
		95A078AB2BD13D0700E841B9 /* MemoView.swift in Sources */ = {isa = PBXBuildFile; fileRef = 95A078AA2BD13D0700E841B9 /* MemoView.swift */; };
/* End PBXBuildFile section */

/* Begin PBXFileReference section */
		956B1BC12BD58B9E0047D5A0 /* CalendarHeaderView.swift */ = {isa = PBXFileReference; lastKnownFileType = sourcecode.swift; path = CalendarHeaderView.swift; sourceTree = "<group>"; };
		956B1BC32BD595090047D5A0 /* WeekdayView.swift */ = {isa = PBXFileReference; lastKnownFileType = sourcecode.swift; path = WeekdayView.swift; sourceTree = "<group>"; };
		956B1BC52BD5A8C20047D5A0 /* CalendarGridView.swift */ = {isa = PBXFileReference; lastKnownFileType = sourcecode.swift; path = CalendarGridView.swift; sourceTree = "<group>"; };
		956B1BC92BD5AE5D0047D5A0 /* MonthDayCell.swift */ = {isa = PBXFileReference; lastKnownFileType = sourcecode.swift; path = MonthDayCell.swift; sourceTree = "<group>"; };
		956B1BCD2BDF282F0047D5A0 /* CalendarViewModel.swift */ = {isa = PBXFileReference; lastKnownFileType = sourcecode.swift; path = CalendarViewModel.swift; sourceTree = "<group>"; };
		956B1BCF2BDF2A0E0047D5A0 /* YearMonth.swift */ = {isa = PBXFileReference; lastKnownFileType = sourcecode.swift; path = YearMonth.swift; sourceTree = "<group>"; };
		956B1BD42BE0A85F0047D5A0 /* Page.swift */ = {isa = PBXFileReference; lastKnownFileType = sourcecode.swift; path = Page.swift; sourceTree = "<group>"; };
		956B1BD62BE0A8950047D5A0 /* Day.swift */ = {isa = PBXFileReference; lastKnownFileType = sourcecode.swift; path = Day.swift; sourceTree = "<group>"; };
		956B1BD82BE0A9110047D5A0 /* Date+Extensions.swift */ = {isa = PBXFileReference; lastKnownFileType = sourcecode.swift; path = "Date+Extensions.swift"; sourceTree = "<group>"; };
		95A078702BD0E7A400E841B9 /* fecit.app */ = {isa = PBXFileReference; explicitFileType = wrapper.application; includeInIndex = 0; path = fecit.app; sourceTree = BUILT_PRODUCTS_DIR; };
		95A078732BD0E7A400E841B9 /* fecitApp.swift */ = {isa = PBXFileReference; lastKnownFileType = sourcecode.swift; path = fecitApp.swift; sourceTree = "<group>"; };
		95A078752BD0E7A400E841B9 /* ContentView.swift */ = {isa = PBXFileReference; lastKnownFileType = sourcecode.swift; path = ContentView.swift; sourceTree = "<group>"; };
		95A078772BD0E7A600E841B9 /* Assets.xcassets */ = {isa = PBXFileReference; lastKnownFileType = folder.assetcatalog; path = Assets.xcassets; sourceTree = "<group>"; };
		95A0787A2BD0E7A600E841B9 /* Preview Assets.xcassets */ = {isa = PBXFileReference; lastKnownFileType = folder.assetcatalog; path = "Preview Assets.xcassets"; sourceTree = "<group>"; };
		95A078A62BD13B9400E841B9 /* MainTabView.swift */ = {isa = PBXFileReference; lastKnownFileType = sourcecode.swift; path = MainTabView.swift; sourceTree = "<group>"; };
		95A078A82BD13CFB00E841B9 /* ActionView.swift */ = {isa = PBXFileReference; lastKnownFileType = sourcecode.swift; path = ActionView.swift; sourceTree = "<group>"; };
		95A078AA2BD13D0700E841B9 /* MemoView.swift */ = {isa = PBXFileReference; lastKnownFileType = sourcecode.swift; path = MemoView.swift; sourceTree = "<group>"; };
/* End PBXFileReference section */

/* Begin PBXFrameworksBuildPhase section */
		95A0786D2BD0E7A400E841B9 /* Frameworks */ = {
			isa = PBXFrameworksBuildPhase;
			buildActionMask = 2147483647;
			files = (
			);
			runOnlyForDeploymentPostprocessing = 0;
		};
/* End PBXFrameworksBuildPhase section */

/* Begin PBXGroup section */
		95A078672BD0E7A400E841B9 = {
			isa = PBXGroup;
			children = (
				95A078722BD0E7A400E841B9 /* fecit */,
				95A078712BD0E7A400E841B9 /* Products */,
			);
			sourceTree = "<group>";
		};
		95A078712BD0E7A400E841B9 /* Products */ = {
			isa = PBXGroup;
			children = (
				95A078702BD0E7A400E841B9 /* fecit.app */,
			);
			name = Products;
			sourceTree = "<group>";
		};
		95A078722BD0E7A400E841B9 /* fecit */ = {
			isa = PBXGroup;
			children = (
				95A078732BD0E7A400E841B9 /* fecitApp.swift */,
				95A078812BD0EEA700E841B9 /* View */,
				95A078772BD0E7A600E841B9 /* Assets.xcassets */,
				95A078792BD0E7A600E841B9 /* Preview Content */,
			);
			path = fecit;
			sourceTree = "<group>";
		};
		95A078792BD0E7A600E841B9 /* Preview Content */ = {
			isa = PBXGroup;
			children = (
				95A0787A2BD0E7A600E841B9 /* Preview Assets.xcassets */,
			);
			path = "Preview Content";
			sourceTree = "<group>";
		};
		95A078812BD0EEA700E841B9 /* View */ = {
			isa = PBXGroup;
			children = (
				95A078752BD0E7A400E841B9 /* ContentView.swift */,
				95A078A62BD13B9400E841B9 /* MainTabView.swift */,
				95A078A82BD13CFB00E841B9 /* ActionView.swift */,
				95A078AA2BD13D0700E841B9 /* MemoView.swift */,
				956B1BC12BD58B9E0047D5A0 /* CalendarHeaderView.swift */,
				956B1BC32BD595090047D5A0 /* WeekdayView.swift */,
				956B1BC52BD5A8C20047D5A0 /* CalendarGridView.swift */,
				956B1BC92BD5AE5D0047D5A0 /* MonthDayCell.swift */,
				956B1BCD2BDF282F0047D5A0 /* CalendarViewModel.swift */,
				956B1BCF2BDF2A0E0047D5A0 /* YearMonth.swift */,
				956B1BD42BE0A85F0047D5A0 /* Page.swift */,
				956B1BD62BE0A8950047D5A0 /* Day.swift */,
				956B1BD82BE0A9110047D5A0 /* Date+Extensions.swift */,
			);
			path = View;
			sourceTree = "<group>";
		};
/* End PBXGroup section */

/* Begin PBXNativeTarget section */
		95A0786F2BD0E7A400E841B9 /* fecit */ = {
			isa = PBXNativeTarget;
			buildConfigurationList = 95A0787E2BD0E7A600E841B9 /* Build configuration list for PBXNativeTarget "fecit" */;
			buildPhases = (
				95A0786C2BD0E7A400E841B9 /* Sources */,
				95A0786D2BD0E7A400E841B9 /* Frameworks */,
				95A0786E2BD0E7A400E841B9 /* Resources */,
			);
			buildRules = (
			);
			dependencies = (
			);
			name = fecit;
			productName = fecit;
			productReference = 95A078702BD0E7A400E841B9 /* fecit.app */;
			productType = "com.apple.product-type.application";
		};
/* End PBXNativeTarget section */

/* Begin PBXProject section */
		95A078682BD0E7A400E841B9 /* Project object */ = {
			isa = PBXProject;
			attributes = {
				BuildIndependentTargetsInParallel = 1;
				LastSwiftUpdateCheck = 1520;
				LastUpgradeCheck = 1520;
				TargetAttributes = {
					95A0786F2BD0E7A400E841B9 = {
						CreatedOnToolsVersion = 15.2;
					};
				};
			};
			buildConfigurationList = 95A0786B2BD0E7A400E841B9 /* Build configuration list for PBXProject "fecit" */;
			compatibilityVersion = "Xcode 14.0";
			developmentRegion = en;
			hasScannedForEncodings = 0;
			knownRegions = (
				en,
				Base,
			);
			mainGroup = 95A078672BD0E7A400E841B9;
			productRefGroup = 95A078712BD0E7A400E841B9 /* Products */;
			projectDirPath = "";
			projectRoot = "";
			targets = (
				95A0786F2BD0E7A400E841B9 /* fecit */,
			);
		};
/* End PBXProject section */

/* Begin PBXResourcesBuildPhase section */
		95A0786E2BD0E7A400E841B9 /* Resources */ = {
			isa = PBXResourcesBuildPhase;
			buildActionMask = 2147483647;
			files = (
				95A0787B2BD0E7A600E841B9 /* Preview Assets.xcassets in Resources */,
				95A078782BD0E7A600E841B9 /* Assets.xcassets in Resources */,
			);
			runOnlyForDeploymentPostprocessing = 0;
		};
/* End PBXResourcesBuildPhase section */

/* Begin PBXSourcesBuildPhase section */
		95A0786C2BD0E7A400E841B9 /* Sources */ = {
			isa = PBXSourcesBuildPhase;
			buildActionMask = 2147483647;
			files = (
				956B1BD72BE0A8950047D5A0 /* Day.swift in Sources */,
				956B1BD02BDF2A0E0047D5A0 /* YearMonth.swift in Sources */,
				956B1BD52BE0A85F0047D5A0 /* Page.swift in Sources */,
				95A078AB2BD13D0700E841B9 /* MemoView.swift in Sources */,
				956B1BC42BD595090047D5A0 /* WeekdayView.swift in Sources */,
				956B1BC22BD58B9E0047D5A0 /* CalendarHeaderView.swift in Sources */,
				95A078A92BD13CFB00E841B9 /* ActionView.swift in Sources */,
				956B1BD92BE0A9110047D5A0 /* Date+Extensions.swift in Sources */,
				956B1BC62BD5A8C20047D5A0 /* CalendarGridView.swift in Sources */,
				95A078762BD0E7A400E841B9 /* ContentView.swift in Sources */,
				956B1BCA2BD5AE5D0047D5A0 /* MonthDayCell.swift in Sources */,
				95A078742BD0E7A400E841B9 /* fecitApp.swift in Sources */,
				956B1BCE2BDF282F0047D5A0 /* CalendarViewModel.swift in Sources */,
				95A078A72BD13B9400E841B9 /* MainTabView.swift in Sources */,
			);
			runOnlyForDeploymentPostprocessing = 0;
		};
/* End PBXSourcesBuildPhase section */

/* Begin XCBuildConfiguration section */
		95A0787C2BD0E7A600E841B9 /* Debug */ = {
			isa = XCBuildConfiguration;
			buildSettings = {
				ALWAYS_SEARCH_USER_PATHS = NO;
				ASSETCATALOG_COMPILER_GENERATE_SWIFT_ASSET_SYMBOL_EXTENSIONS = YES;
				CLANG_ANALYZER_NONNULL = YES;
				CLANG_ANALYZER_NUMBER_OBJECT_CONVERSION = YES_AGGRESSIVE;
				CLANG_CXX_LANGUAGE_STANDARD = "gnu++20";
				CLANG_ENABLE_MODULES = YES;
				CLANG_ENABLE_OBJC_ARC = YES;
				CLANG_ENABLE_OBJC_WEAK = YES;
				CLANG_WARN_BLOCK_CAPTURE_AUTORELEASING = YES;
				CLANG_WARN_BOOL_CONVERSION = YES;
				CLANG_WARN_COMMA = YES;
				CLANG_WARN_CONSTANT_CONVERSION = YES;
				CLANG_WARN_DEPRECATED_OBJC_IMPLEMENTATIONS = YES;
				CLANG_WARN_DIRECT_OBJC_ISA_USAGE = YES_ERROR;
				CLANG_WARN_DOCUMENTATION_COMMENTS = YES;
				CLANG_WARN_EMPTY_BODY = YES;
				CLANG_WARN_ENUM_CONVERSION = YES;
				CLANG_WARN_INFINITE_RECURSION = YES;
				CLANG_WARN_INT_CONVERSION = YES;
				CLANG_WARN_NON_LITERAL_NULL_CONVERSION = YES;
				CLANG_WARN_OBJC_IMPLICIT_RETAIN_SELF = YES;
				CLANG_WARN_OBJC_LITERAL_CONVERSION = YES;
				CLANG_WARN_OBJC_ROOT_CLASS = YES_ERROR;
				CLANG_WARN_QUOTED_INCLUDE_IN_FRAMEWORK_HEADER = YES;
				CLANG_WARN_RANGE_LOOP_ANALYSIS = YES;
				CLANG_WARN_STRICT_PROTOTYPES = YES;
				CLANG_WARN_SUSPICIOUS_MOVE = YES;
				CLANG_WARN_UNGUARDED_AVAILABILITY = YES_AGGRESSIVE;
				CLANG_WARN_UNREACHABLE_CODE = YES;
				CLANG_WARN__DUPLICATE_METHOD_MATCH = YES;
				COPY_PHASE_STRIP = NO;
				DEBUG_INFORMATION_FORMAT = dwarf;
				ENABLE_STRICT_OBJC_MSGSEND = YES;
				ENABLE_TESTABILITY = YES;
				ENABLE_USER_SCRIPT_SANDBOXING = YES;
				GCC_C_LANGUAGE_STANDARD = gnu17;
				GCC_DYNAMIC_NO_PIC = NO;
				GCC_NO_COMMON_BLOCKS = YES;
				GCC_OPTIMIZATION_LEVEL = 0;
				GCC_PREPROCESSOR_DEFINITIONS = (
					"DEBUG=1",
					"$(inherited)",
				);
				GCC_WARN_64_TO_32_BIT_CONVERSION = YES;
				GCC_WARN_ABOUT_RETURN_TYPE = YES_ERROR;
				GCC_WARN_UNDECLARED_SELECTOR = YES;
				GCC_WARN_UNINITIALIZED_AUTOS = YES_AGGRESSIVE;
				GCC_WARN_UNUSED_FUNCTION = YES;
				GCC_WARN_UNUSED_VARIABLE = YES;
				IPHONEOS_DEPLOYMENT_TARGET = 17.2;
				LOCALIZATION_PREFERS_STRING_CATALOGS = YES;
				MTL_ENABLE_DEBUG_INFO = INCLUDE_SOURCE;
				MTL_FAST_MATH = YES;
				ONLY_ACTIVE_ARCH = YES;
				SDKROOT = iphoneos;
				SWIFT_ACTIVE_COMPILATION_CONDITIONS = "DEBUG $(inherited)";
				SWIFT_OPTIMIZATION_LEVEL = "-Onone";
			};
			name = Debug;
		};
		95A0787D2BD0E7A600E841B9 /* Release */ = {
			isa = XCBuildConfiguration;
			buildSettings = {
				ALWAYS_SEARCH_USER_PATHS = NO;
				ASSETCATALOG_COMPILER_GENERATE_SWIFT_ASSET_SYMBOL_EXTENSIONS = YES;
				CLANG_ANALYZER_NONNULL = YES;
				CLANG_ANALYZER_NUMBER_OBJECT_CONVERSION = YES_AGGRESSIVE;
				CLANG_CXX_LANGUAGE_STANDARD = "gnu++20";
				CLANG_ENABLE_MODULES = YES;
				CLANG_ENABLE_OBJC_ARC = YES;
				CLANG_ENABLE_OBJC_WEAK = YES;
				CLANG_WARN_BLOCK_CAPTURE_AUTORELEASING = YES;
				CLANG_WARN_BOOL_CONVERSION = YES;
				CLANG_WARN_COMMA = YES;
				CLANG_WARN_CONSTANT_CONVERSION = YES;
				CLANG_WARN_DEPRECATED_OBJC_IMPLEMENTATIONS = YES;
				CLANG_WARN_DIRECT_OBJC_ISA_USAGE = YES_ERROR;
				CLANG_WARN_DOCUMENTATION_COMMENTS = YES;
				CLANG_WARN_EMPTY_BODY = YES;
				CLANG_WARN_ENUM_CONVERSION = YES;
				CLANG_WARN_INFINITE_RECURSION = YES;
				CLANG_WARN_INT_CONVERSION = YES;
				CLANG_WARN_NON_LITERAL_NULL_CONVERSION = YES;
				CLANG_WARN_OBJC_IMPLICIT_RETAIN_SELF = YES;
				CLANG_WARN_OBJC_LITERAL_CONVERSION = YES;
				CLANG_WARN_OBJC_ROOT_CLASS = YES_ERROR;
				CLANG_WARN_QUOTED_INCLUDE_IN_FRAMEWORK_HEADER = YES;
				CLANG_WARN_RANGE_LOOP_ANALYSIS = YES;
				CLANG_WARN_STRICT_PROTOTYPES = YES;
				CLANG_WARN_SUSPICIOUS_MOVE = YES;
				CLANG_WARN_UNGUARDED_AVAILABILITY = YES_AGGRESSIVE;
				CLANG_WARN_UNREACHABLE_CODE = YES;
				CLANG_WARN__DUPLICATE_METHOD_MATCH = YES;
				COPY_PHASE_STRIP = NO;
				DEBUG_INFORMATION_FORMAT = "dwarf-with-dsym";
				ENABLE_NS_ASSERTIONS = NO;
				ENABLE_STRICT_OBJC_MSGSEND = YES;
				ENABLE_USER_SCRIPT_SANDBOXING = YES;
				GCC_C_LANGUAGE_STANDARD = gnu17;
				GCC_NO_COMMON_BLOCKS = YES;
				GCC_WARN_64_TO_32_BIT_CONVERSION = YES;
				GCC_WARN_ABOUT_RETURN_TYPE = YES_ERROR;
				GCC_WARN_UNDECLARED_SELECTOR = YES;
				GCC_WARN_UNINITIALIZED_AUTOS = YES_AGGRESSIVE;
				GCC_WARN_UNUSED_FUNCTION = YES;
				GCC_WARN_UNUSED_VARIABLE = YES;
				IPHONEOS_DEPLOYMENT_TARGET = 17.2;
				LOCALIZATION_PREFERS_STRING_CATALOGS = YES;
				MTL_ENABLE_DEBUG_INFO = NO;
				MTL_FAST_MATH = YES;
				SDKROOT = iphoneos;
				SWIFT_COMPILATION_MODE = wholemodule;
				VALIDATE_PRODUCT = YES;
			};
			name = Release;
		};
		95A0787F2BD0E7A600E841B9 /* Debug */ = {
			isa = XCBuildConfiguration;
			buildSettings = {
				ASSETCATALOG_COMPILER_APPICON_NAME = AppIcon;
				ASSETCATALOG_COMPILER_GLOBAL_ACCENT_COLOR_NAME = AccentColor;
				CODE_SIGN_STYLE = Automatic;
				CURRENT_PROJECT_VERSION = 1;
				DEVELOPMENT_ASSET_PATHS = "\"fecit/Preview Content\"";
				ENABLE_PREVIEWS = YES;
				GENERATE_INFOPLIST_FILE = YES;
				INFOPLIST_KEY_UIApplicationSceneManifest_Generation = YES;
				INFOPLIST_KEY_UIApplicationSupportsIndirectInputEvents = YES;
				INFOPLIST_KEY_UILaunchScreen_Generation = YES;
				INFOPLIST_KEY_UISupportedInterfaceOrientations_iPad = "UIInterfaceOrientationPortrait UIInterfaceOrientationPortraitUpsideDown UIInterfaceOrientationLandscapeLeft UIInterfaceOrientationLandscapeRight";
				INFOPLIST_KEY_UISupportedInterfaceOrientations_iPhone = "UIInterfaceOrientationPortrait UIInterfaceOrientationLandscapeLeft UIInterfaceOrientationLandscapeRight";
				LD_RUNPATH_SEARCH_PATHS = (
					"$(inherited)",
					"@executable_path/Frameworks",
				);
				MARKETING_VERSION = 1.0;
				PRODUCT_BUNDLE_IDENTIFIER = SeSAC.fecit;
				PRODUCT_NAME = "$(TARGET_NAME)";
				SWIFT_EMIT_LOC_STRINGS = YES;
				SWIFT_VERSION = 5.0;
				TARGETED_DEVICE_FAMILY = "1,2";
			};
			name = Debug;
		};
		95A078802BD0E7A600E841B9 /* Release */ = {
			isa = XCBuildConfiguration;
			buildSettings = {
				ASSETCATALOG_COMPILER_APPICON_NAME = AppIcon;
				ASSETCATALOG_COMPILER_GLOBAL_ACCENT_COLOR_NAME = AccentColor;
				CODE_SIGN_STYLE = Automatic;
				CURRENT_PROJECT_VERSION = 1;
				DEVELOPMENT_ASSET_PATHS = "\"fecit/Preview Content\"";
				ENABLE_PREVIEWS = YES;
				GENERATE_INFOPLIST_FILE = YES;
				INFOPLIST_KEY_UIApplicationSceneManifest_Generation = YES;
				INFOPLIST_KEY_UIApplicationSupportsIndirectInputEvents = YES;
				INFOPLIST_KEY_UILaunchScreen_Generation = YES;
				INFOPLIST_KEY_UISupportedInterfaceOrientations_iPad = "UIInterfaceOrientationPortrait UIInterfaceOrientationPortraitUpsideDown UIInterfaceOrientationLandscapeLeft UIInterfaceOrientationLandscapeRight";
				INFOPLIST_KEY_UISupportedInterfaceOrientations_iPhone = "UIInterfaceOrientationPortrait UIInterfaceOrientationLandscapeLeft UIInterfaceOrientationLandscapeRight";
				LD_RUNPATH_SEARCH_PATHS = (
					"$(inherited)",
					"@executable_path/Frameworks",
				);
				MARKETING_VERSION = 1.0;
				PRODUCT_BUNDLE_IDENTIFIER = SeSAC.fecit;
				PRODUCT_NAME = "$(TARGET_NAME)";
				SWIFT_EMIT_LOC_STRINGS = YES;
				SWIFT_VERSION = 5.0;
				TARGETED_DEVICE_FAMILY = "1,2";
			};
			name = Release;
		};
/* End XCBuildConfiguration section */

/* Begin XCConfigurationList section */
		95A0786B2BD0E7A400E841B9 /* Build configuration list for PBXProject "fecit" */ = {
			isa = XCConfigurationList;
			buildConfigurations = (
				95A0787C2BD0E7A600E841B9 /* Debug */,
				95A0787D2BD0E7A600E841B9 /* Release */,
			);
			defaultConfigurationIsVisible = 0;
			defaultConfigurationName = Release;
		};
		95A0787E2BD0E7A600E841B9 /* Build configuration list for PBXNativeTarget "fecit" */ = {
			isa = XCConfigurationList;
			buildConfigurations = (
				95A0787F2BD0E7A600E841B9 /* Debug */,
				95A078802BD0E7A600E841B9 /* Release */,
			);
			defaultConfigurationIsVisible = 0;
			defaultConfigurationName = Release;
		};
/* End XCConfigurationList section */
	};
	rootObject = 95A078682BD0E7A400E841B9 /* Project object */;
}
